<Solution>
  <Folder Name="/src/">
    <Project Path="src/PasteJump.App/PasteJump.App.csproj" />
    <Project Path="src/PasteJump.Core/PasteJump.Core.csproj" />
    <Project Path="src/PasteJump.Import/PasteJump.Import.csproj" />
    <Project Path="src/PasteJump.Interop/PasteJump.Interop.csproj" />
  </Folder>
  <Folder Name="/tests/">
    <Project Path="tests/PasteJump.Core.Tests/PasteJump.Core.Tests.csproj" />
    <Project Path="tests/PasteJump.Interop.Probe/PasteJump.Interop.Probe.csproj" />
    <Project Path="tests/PasteJump.Interop.Tests/PasteJump.Interop.Tests.csproj" />
    <Project Path="tests/PasteJump.SpikeRunner/PasteJump.SpikeRunner.csproj" />
    <Project Path="tests/PasteJump.UiSmoke/PasteJump.UiSmoke.csproj" />
  </Folder>
</Solution>
